dependencies:
- name: text-generation-inference
  repository: file://../text-generation-inference
  version: 0.3.0
- name: text-embeddings-inference
  repository: file://../text-embeddings-inference
  version: 0.3.0
- name: text-embeddings-inference
  repository: file://../text-embeddings-inference
  version: 0.3.0
- name: chromadb
  repository: file://../chromadb
  version: 0.3.0
- name: vllm
  repository: file://../vllm
  version: 0.4.0
digest: sha256:be2ade4537f8035ccb268e2d6bce26e98810f48df95ad37cc61db9595f5fc7e2
generated: "2026-09-04T22:40:24.388114+05:30"
