dependencies:
- name: text-generation-inference
  repository: https://infracloudio.github.io/charts
  version: 0.1.5
- name: text-embeddings-inference
  repository: https://infracloudio.github.io/charts
  version: 0.1.6
- name: text-embeddings-inference
  repository: https://infracloudio.github.io/charts
  version: 0.1.6
- name: chromadb
  repository: https://infracloudio.github.io/charts
  version: 0.1.2
digest: sha256:4e3104e0d6e1485420ca0b989cf146cec1bd9bbf2b6f846f1084bd6e999d24b0
generated: "2024-07-30T12:35:11.536082+05:30"
