dependencies:
- name: text-generation-inference
  repository: https://infracloudio.github.io/charts
  version: 0.1.1
- name: text-embeddings-inference
  repository: https://infracloudio.github.io/charts
  version: 0.1.1
digest: sha256:03b9860baccbba01ab701b07ab16fd12c6558b3a1920f806b623bef2cc5d03bd
generated: "2024-07-16T15:49:37.371821+05:30"
